
Microsoft Visual Studio Solution File, Format Version 12.00
# Visual Studio 2012
Project("{FAE04EC0-301F-11D3-BF4B-00C04F79EFBC}") = "UnityVS.LYXGame.CSharp.Plugins", "UnityVS.LYXGame.CSharp.Plugins.csproj", "{4DE77E73-E9BB-C364-2242-EC28962E79A6}"
EndProject
Project("{FAE04EC0-301F-11D3-BF4B-00C04F79EFBC}") = "UnityVS.LYXGame.CSharp", "UnityVS.LYXGame.CSharp.csproj", "{C3496C2D-67D8-0B45-1A9F-EF1E7E8FEF34}"
EndProject
Project("{FAE04EC0-301F-11D3-BF4B-00C04F79EFBC}") = "UnityVS.LYXGame.CSharp.Editor", "UnityVS.LYXGame.CSharp.Editor.csproj", "{F9676A0D-2959-8236-EF63-3642244AFE8D}"
EndProject
Global
	GlobalSection(SolutionConfigurationPlatforms) = preSolution
		Debug|Any CPU = Debug|Any CPU
		Release|Any CPU = Release|Any CPU
	EndGlobalSection
	GlobalSection(ProjectConfigurationPlatforms) = postSolution
		{4DE77E73-E9BB-C364-2242-EC28962E79A6}.Debug|Any CPU.ActiveCfg = Debug|Any CPU
		{4DE77E73-E9BB-C364-2242-EC28962E79A6}.Debug|Any CPU.Build.0 = Debug|Any CPU
		{4DE77E73-E9BB-C364-2242-EC28962E79A6}.Release|Any CPU.ActiveCfg = Release|Any CPU
		{4DE77E73-E9BB-C364-2242-EC28962E79A6}.Release|Any CPU.Build.0 = Release|Any CPU
		{C3496C2D-67D8-0B45-1A9F-EF1E7E8FEF34}.Debug|Any CPU.ActiveCfg = Debug|Any CPU
		{C3496C2D-67D8-0B45-1A9F-EF1E7E8FEF34}.Debug|Any CPU.Build.0 = Debug|Any CPU
		{C3496C2D-67D8-0B45-1A9F-EF1E7E8FEF34}.Release|Any CPU.ActiveCfg = Release|Any CPU
		{C3496C2D-67D8-0B45-1A9F-EF1E7E8FEF34}.Release|Any CPU.Build.0 = Release|Any CPU
		{F9676A0D-2959-8236-EF63-3642244AFE8D}.Debug|Any CPU.ActiveCfg = Debug|Any CPU
		{F9676A0D-2959-8236-EF63-3642244AFE8D}.Debug|Any CPU.Build.0 = Debug|Any CPU
		{F9676A0D-2959-8236-EF63-3642244AFE8D}.Release|Any CPU.ActiveCfg = Release|Any CPU
		{F9676A0D-2959-8236-EF63-3642244AFE8D}.Release|Any CPU.Build.0 = Release|Any CPU
	EndGlobalSection
	GlobalSection(SolutionProperties) = preSolution
		HideSolutionNode = FALSE
	EndGlobalSection
EndGlobal
