
Microsoft Visual Studio Solution File, Format Version 12.00
# Visual Studio 2013
Project("{FAE04EC0-301F-11D3-BF4B-00C04F79EFBC}") = "UnityVS.projects.CSharp", "UnityVS.projects.CSharp.csproj", "{2F2E66B1-5FCD-7CAD-12C8-2A1E34F47373}"
EndProject
Project("{FAE04EC0-301F-11D3-BF4B-00C04F79EFBC}") = "UnityVS.projects.CSharp.Editor", "UnityVS.projects.CSharp.Editor.csproj", "{14FA229E-5A61-D297-3D2D-C2E02BAF6562}"
EndProject
Project("{FAE04EC0-301F-11D3-BF4B-00C04F79EFBC}") = "UnityVS.projects.CSharp.Plugins", "UnityVS.projects.CSharp.Plugins.csproj", "{9F380E4F-9BD2-7DD8-0E6B-842E182B6E80}"
EndProject
Global
	GlobalSection(SolutionConfigurationPlatforms) = preSolution
		Debug|Any CPU = Debug|Any CPU
		Release|Any CPU = Release|Any CPU
	EndGlobalSection
	GlobalSection(ProjectConfigurationPlatforms) = postSolution
		{2F2E66B1-5FCD-7CAD-12C8-2A1E34F47373}.Debug|Any CPU.ActiveCfg = Debug|Any CPU
		{2F2E66B1-5FCD-7CAD-12C8-2A1E34F47373}.Debug|Any CPU.Build.0 = Debug|Any CPU
		{2F2E66B1-5FCD-7CAD-12C8-2A1E34F47373}.Release|Any CPU.ActiveCfg = Release|Any CPU
		{2F2E66B1-5FCD-7CAD-12C8-2A1E34F47373}.Release|Any CPU.Build.0 = Release|Any CPU
		{14FA229E-5A61-D297-3D2D-C2E02BAF6562}.Debug|Any CPU.ActiveCfg = Debug|Any CPU
		{14FA229E-5A61-D297-3D2D-C2E02BAF6562}.Debug|Any CPU.Build.0 = Debug|Any CPU
		{14FA229E-5A61-D297-3D2D-C2E02BAF6562}.Release|Any CPU.ActiveCfg = Release|Any CPU
		{14FA229E-5A61-D297-3D2D-C2E02BAF6562}.Release|Any CPU.Build.0 = Release|Any CPU
		{9F380E4F-9BD2-7DD8-0E6B-842E182B6E80}.Debug|Any CPU.ActiveCfg = Debug|Any CPU
		{9F380E4F-9BD2-7DD8-0E6B-842E182B6E80}.Debug|Any CPU.Build.0 = Debug|Any CPU
		{9F380E4F-9BD2-7DD8-0E6B-842E182B6E80}.Release|Any CPU.ActiveCfg = Release|Any CPU
		{9F380E4F-9BD2-7DD8-0E6B-842E182B6E80}.Release|Any CPU.Build.0 = Release|Any CPU
	EndGlobalSection
	GlobalSection(SolutionProperties) = preSolution
		HideSolutionNode = FALSE
	EndGlobalSection
EndGlobal
